
Microsoft Visual Studio Solution File, Format Version 12.00
# Visual Studio Version 17
VisualStudioVersion = 17.2.32526.322
MinimumVisualStudioVersion = 10.0.40219.1
Project("{FAE04EC0-301F-11D3-BF4B-00C04F79EFBC}") = "CartProject", "CartProject\CartProject.csproj", "{6AD9B82E-671C-4A80-910C-8928B63AC263}"
EndProject
Global
	GlobalSection(SolutionConfigurationPlatforms) = preSolution
		Debug|Any CPU = Debug|Any CPU
		Release|Any CPU = Release|Any CPU
	EndGlobalSection
	GlobalSection(ProjectConfigurationPlatforms) = postSolution
		{6AD9B82E-671C-4A80-910C-8928B63AC263}.Debug|Any CPU.ActiveCfg = Debug|Any CPU
		{6AD9B82E-671C-4A80-910C-8928B63AC263}.Debug|Any CPU.Build.0 = Debug|Any CPU
		{6AD9B82E-671C-4A80-910C-8928B63AC263}.Release|Any CPU.ActiveCfg = Release|Any CPU
		{6AD9B82E-671C-4A80-910C-8928B63AC263}.Release|Any CPU.Build.0 = Release|Any CPU
	EndGlobalSection
	GlobalSection(SolutionProperties) = preSolution
		HideSolutionNode = FALSE
	EndGlobalSection
	GlobalSection(ExtensibilityGlobals) = postSolution
		SolutionGuid = {01827385-6CD4-4FA8-8F7D-B9BF6859D618}
	EndGlobalSection
EndGlobal
